
Microsoft Visual Studio Solution File, Format Version 12.00
# Visual Studio Version 17
VisualStudioVersion = 17.5.33530.505
MinimumVisualStudioVersion = 10.0.40219.1
Project("{FAE04EC0-301F-11D3-BF4B-00C04F79EFBC}") = "MySecretDachaV2", "MySecretDachaV2\MySecretDachaV2.csproj", "{EDA72F0A-8E63-4587-AD9B-D78D12050237}"
EndProject
Global
	GlobalSection(SolutionConfigurationPlatforms) = preSolution
		Debug|Any CPU = Debug|Any CPU
		Release|Any CPU = Release|Any CPU
	EndGlobalSection
	GlobalSection(ProjectConfigurationPlatforms) = postSolution
		{EDA72F0A-8E63-4587-AD9B-D78D12050237}.Debug|Any CPU.ActiveCfg = Debug|Any CPU
		{EDA72F0A-8E63-4587-AD9B-D78D12050237}.Debug|Any CPU.Build.0 = Debug|Any CPU
		{EDA72F0A-8E63-4587-AD9B-D78D12050237}.Release|Any CPU.ActiveCfg = Release|Any CPU
		{EDA72F0A-8E63-4587-AD9B-D78D12050237}.Release|Any CPU.Build.0 = Release|Any CPU
	EndGlobalSection
	GlobalSection(SolutionProperties) = preSolution
		HideSolutionNode = FALSE
	EndGlobalSection
	GlobalSection(ExtensibilityGlobals) = postSolution
		SolutionGuid = {4FADD223-A7FA-4355-8CF6-5F7D014A5AFD}
	EndGlobalSection
EndGlobal
